
Microsoft Visual Studio Solution File, Format Version 12.00
# Visual Studio Version 17
VisualStudioVersion = 17.0.31903.59
MinimumVisualStudioVersion = 10.0.40219.1
Project("{FAE04EC0-301F-11D3-BF4B-00C04F79EFBC}") = "DotML", "DotML\DotML.csproj", "{B0225E68-EF51-4BDF-A012-603354CBFC5C}"
EndProject
Project("{FAE04EC0-301F-11D3-BF4B-00C04F79EFBC}") = "DotML.Test", "DotML.Test\DotML.Test.csproj", "{6AB280A6-8F5B-462C-9F38-283546424ACC}"
EndProject
Project("{2150E333-8FDC-42A3-9474-1A3956D46DE8}") = "DotML.Utils", "DotML.Utils", "{96CE2825-D8B7-4981-AC95-75F67B1B3D6C}"
EndProject
Project("{FAE04EC0-301F-11D3-BF4B-00C04F79EFBC}") = "Images2ClassesDataset", "DotML.Utils\Images2ClassesDataset\Images2ClassesDataset.csproj", "{77B59DD2-CBC5-4ECD-8531-B18626262C52}"
EndProject
Project("{FAE04EC0-301F-11D3-BF4B-00C04F79EFBC}") = "ImageSlice", "DotML.Utils\ImageSlice\ImageSlice.csproj", "{B31D21DF-BFB9-46B5-8F56-4D88112A986B}"
EndProject
Project("{FAE04EC0-301F-11D3-BF4B-00C04F79EFBC}") = "BinaryMerge", "DotML.Utils\BinaryMerge\BinaryMerge.csproj", "{9D3CAC41-EAB3-45B0-BDBC-85A7F24DDEFE}"
EndProject
Project("{FAE04EC0-301F-11D3-BF4B-00C04F79EFBC}") = "DotML.LinearAlgebra", "DotML.LinearAlgebra\DotML.LinearAlgebra.csproj", "{6C12254A-94DD-43DD-86D7-DF03DF752E3F}"
EndProject
Project("{FAE04EC0-301F-11D3-BF4B-00C04F79EFBC}") = "DotML.LinearAlgebra.Test", "DotML.LinearAlgebra.Test\DotML.LinearAlgebra.Test.csproj", "{16FC6016-B35F-449A-9D15-20F2997A8527}"
EndProject
Project("{FAE04EC0-301F-11D3-BF4B-00C04F79EFBC}") = "DotML.LinearAlgebra.Benchmark", "DotML.LinearAlgebra.Benchmark\DotML.LinearAlgebra.Benchmark.csproj", "{521100EE-055A-4351-A24B-F89CACDE6CA2}"
EndProject
Project("{FAE04EC0-301F-11D3-BF4B-00C04F79EFBC}") = "DotML.Cli", "DotML.Cli\DotML.Cli.csproj", "{4C1A3FEE-AD49-4C83-9905-5F027B53CA8E}"
EndProject
Project("{FAE04EC0-301F-11D3-BF4B-00C04F79EFBC}") = "BinaryVectors2Dataset", "DotML.Utils\BinaryVectors2Dataset\BinaryVectors2Dataset.csproj", "{1B2E64DC-AFAA-4F4C-B9D0-9AD4A11E077D}"
EndProject
Project("{FAE04EC0-301F-11D3-BF4B-00C04F79EFBC}") = "DotML.Tagging", "DotML.Tagging\DotML.Tagging.csproj", "{CAF2FD53-51B5-4D55-AD3D-DB7ADBBDE6D2}"
EndProject
Project("{FAE04EC0-301F-11D3-BF4B-00C04F79EFBC}") = "DotML.Benchmark", "DotML.Benchmark\DotML.Benchmark.csproj", "{161E0229-F741-441B-8ED5-AB39246C1760}"
EndProject
Project("{FAE04EC0-301F-11D3-BF4B-00C04F79EFBC}") = "DotML.Netbuild", "DotML.Netbuild\DotML.Netbuild.csproj", "{ABE5ED92-7BD8-4E3E-BCC9-04B927BDAAF6}"
EndProject
Project("{FAE04EC0-301F-11D3-BF4B-00C04F79EFBC}") = "ImageResize", "DotML.Utils\ImageResize\ImageResize.csproj", "{7AC3CCB4-7CC1-4B8E-B7E4-90020BB6634F}"
EndProject
Project("{FAE04EC0-301F-11D3-BF4B-00C04F79EFBC}") = "Images2ImagesDataset", "DotML.Utils\Images2ImagesDataset\Images2ImagesDataset.csproj", "{BF4D1345-7A7A-403A-84D0-3FC859EC2F12}"
EndProject
Project("{2150E333-8FDC-42A3-9474-1A3956D46DE8}") = "DotML.Playground", "DotML.Playground", "{3B1F2173-BF2B-4DCE-BAA8-C674D5B5E740}"
EndProject
Project("{FAE04EC0-301F-11D3-BF4B-00C04F79EFBC}") = "DotML.Playground.Common", "DotML.Playground\DotML.Playground.Common\DotML.Playground.Common.csproj", "{FDCB8C9D-D450-4397-82C7-553FE5B094CE}"
EndProject
Project("{FAE04EC0-301F-11D3-BF4B-00C04F79EFBC}") = "DotML.Playground.Server", "DotML.Playground\DotML.Playground.Server\DotML.Playground.Server.csproj", "{2DE1B75A-D5E9-4AEA-BEB8-E51699FD443B}"
EndProject
Project("{FAE04EC0-301F-11D3-BF4B-00C04F79EFBC}") = "DotML.Playground.Wasm", "DotML.Playground\DotML.Playground.Wasm\DotML.Playground.Wasm.csproj", "{49B72219-D7F8-40D3-9EC9-DAD78112369B}"
EndProject
Project("{FAE04EC0-301F-11D3-BF4B-00C04F79EFBC}") = "DotML.NetDOT", "DotML.NetDOT\DotML.NetDOT.csproj", "{C254B18A-B80E-4355-8B97-6B8515B94283}"
EndProject
Global
	GlobalSection(SolutionConfigurationPlatforms) = preSolution
		Debug|Any CPU = Debug|Any CPU
		Debug|x64 = Debug|x64
		Debug|x86 = Debug|x86
		Release|Any CPU = Release|Any CPU
		Release|x64 = Release|x64
		Release|x86 = Release|x86
	EndGlobalSection
	GlobalSection(ProjectConfigurationPlatforms) = postSolution
		{B0225E68-EF51-4BDF-A012-603354CBFC5C}.Debug|Any CPU.ActiveCfg = Debug|Any CPU
		{B0225E68-EF51-4BDF-A012-603354CBFC5C}.Debug|Any CPU.Build.0 = Debug|Any CPU
		{B0225E68-EF51-4BDF-A012-603354CBFC5C}.Debug|x64.ActiveCfg = Debug|Any CPU
		{B0225E68-EF51-4BDF-A012-603354CBFC5C}.Debug|x64.Build.0 = Debug|Any CPU
		{B0225E68-EF51-4BDF-A012-603354CBFC5C}.Debug|x86.ActiveCfg = Debug|Any CPU
		{B0225E68-EF51-4BDF-A012-603354CBFC5C}.Debug|x86.Build.0 = Debug|Any CPU
		{B0225E68-EF51-4BDF-A012-603354CBFC5C}.Release|Any CPU.ActiveCfg = Release|Any CPU
		{B0225E68-EF51-4BDF-A012-603354CBFC5C}.Release|Any CPU.Build.0 = Release|Any CPU
		{B0225E68-EF51-4BDF-A012-603354CBFC5C}.Release|x64.ActiveCfg = Release|Any CPU
		{B0225E68-EF51-4BDF-A012-603354CBFC5C}.Release|x64.Build.0 = Release|Any CPU
		{B0225E68-EF51-4BDF-A012-603354CBFC5C}.Release|x86.ActiveCfg = Release|Any CPU
		{B0225E68-EF51-4BDF-A012-603354CBFC5C}.Release|x86.Build.0 = Release|Any CPU
		{6AB280A6-8F5B-462C-9F38-283546424ACC}.Debug|Any CPU.ActiveCfg = Debug|Any CPU
		{6AB280A6-8F5B-462C-9F38-283546424ACC}.Debug|Any CPU.Build.0 = Debug|Any CPU
		{6AB280A6-8F5B-462C-9F38-283546424ACC}.Debug|x64.ActiveCfg = Debug|Any CPU
		{6AB280A6-8F5B-462C-9F38-283546424ACC}.Debug|x64.Build.0 = Debug|Any CPU
		{6AB280A6-8F5B-462C-9F38-283546424ACC}.Debug|x86.ActiveCfg = Debug|Any CPU
		{6AB280A6-8F5B-462C-9F38-283546424ACC}.Debug|x86.Build.0 = Debug|Any CPU
		{6AB280A6-8F5B-462C-9F38-283546424ACC}.Release|Any CPU.ActiveCfg = Release|Any CPU
		{6AB280A6-8F5B-462C-9F38-283546424ACC}.Release|Any CPU.Build.0 = Release|Any CPU
		{6AB280A6-8F5B-462C-9F38-283546424ACC}.Release|x64.ActiveCfg = Release|Any CPU
		{6AB280A6-8F5B-462C-9F38-283546424ACC}.Release|x64.Build.0 = Release|Any CPU
		{6AB280A6-8F5B-462C-9F38-283546424ACC}.Release|x86.ActiveCfg = Release|Any CPU
		{6AB280A6-8F5B-462C-9F38-283546424ACC}.Release|x86.Build.0 = Release|Any CPU
		{77B59DD2-CBC5-4ECD-8531-B18626262C52}.Debug|Any CPU.ActiveCfg = Debug|Any CPU
		{77B59DD2-CBC5-4ECD-8531-B18626262C52}.Debug|Any CPU.Build.0 = Debug|Any CPU
		{77B59DD2-CBC5-4ECD-8531-B18626262C52}.Debug|x64.ActiveCfg = Debug|Any CPU
		{77B59DD2-CBC5-4ECD-8531-B18626262C52}.Debug|x64.Build.0 = Debug|Any CPU
		{77B59DD2-CBC5-4ECD-8531-B18626262C52}.Debug|x86.ActiveCfg = Debug|Any CPU
		{77B59DD2-CBC5-4ECD-8531-B18626262C52}.Debug|x86.Build.0 = Debug|Any CPU
		{77B59DD2-CBC5-4ECD-8531-B18626262C52}.Release|Any CPU.ActiveCfg = Release|Any CPU
		{77B59DD2-CBC5-4ECD-8531-B18626262C52}.Release|Any CPU.Build.0 = Release|Any CPU
		{77B59DD2-CBC5-4ECD-8531-B18626262C52}.Release|x64.ActiveCfg = Release|Any CPU
		{77B59DD2-CBC5-4ECD-8531-B18626262C52}.Release|x64.Build.0 = Release|Any CPU
		{77B59DD2-CBC5-4ECD-8531-B18626262C52}.Release|x86.ActiveCfg = Release|Any CPU
		{77B59DD2-CBC5-4ECD-8531-B18626262C52}.Release|x86.Build.0 = Release|Any CPU
		{B31D21DF-BFB9-46B5-8F56-4D88112A986B}.Debug|Any CPU.ActiveCfg = Debug|Any CPU
		{B31D21DF-BFB9-46B5-8F56-4D88112A986B}.Debug|Any CPU.Build.0 = Debug|Any CPU
		{B31D21DF-BFB9-46B5-8F56-4D88112A986B}.Debug|x64.ActiveCfg = Debug|Any CPU
		{B31D21DF-BFB9-46B5-8F56-4D88112A986B}.Debug|x64.Build.0 = Debug|Any CPU
		{B31D21DF-BFB9-46B5-8F56-4D88112A986B}.Debug|x86.ActiveCfg = Debug|Any CPU
		{B31D21DF-BFB9-46B5-8F56-4D88112A986B}.Debug|x86.Build.0 = Debug|Any CPU
		{B31D21DF-BFB9-46B5-8F56-4D88112A986B}.Release|Any CPU.ActiveCfg = Release|Any CPU
		{B31D21DF-BFB9-46B5-8F56-4D88112A986B}.Release|Any CPU.Build.0 = Release|Any CPU
		{B31D21DF-BFB9-46B5-8F56-4D88112A986B}.Release|x64.ActiveCfg = Release|Any CPU
		{B31D21DF-BFB9-46B5-8F56-4D88112A986B}.Release|x64.Build.0 = Release|Any CPU
		{B31D21DF-BFB9-46B5-8F56-4D88112A986B}.Release|x86.ActiveCfg = Release|Any CPU
		{B31D21DF-BFB9-46B5-8F56-4D88112A986B}.Release|x86.Build.0 = Release|Any CPU
		{9D3CAC41-EAB3-45B0-BDBC-85A7F24DDEFE}.Debug|Any CPU.ActiveCfg = Debug|Any CPU
		{9D3CAC41-EAB3-45B0-BDBC-85A7F24DDEFE}.Debug|Any CPU.Build.0 = Debug|Any CPU
		{9D3CAC41-EAB3-45B0-BDBC-85A7F24DDEFE}.Debug|x64.ActiveCfg = Debug|Any CPU
		{9D3CAC41-EAB3-45B0-BDBC-85A7F24DDEFE}.Debug|x64.Build.0 = Debug|Any CPU
		{9D3CAC41-EAB3-45B0-BDBC-85A7F24DDEFE}.Debug|x86.ActiveCfg = Debug|Any CPU
		{9D3CAC41-EAB3-45B0-BDBC-85A7F24DDEFE}.Debug|x86.Build.0 = Debug|Any CPU
		{9D3CAC41-EAB3-45B0-BDBC-85A7F24DDEFE}.Release|Any CPU.ActiveCfg = Release|Any CPU
		{9D3CAC41-EAB3-45B0-BDBC-85A7F24DDEFE}.Release|Any CPU.Build.0 = Release|Any CPU
		{9D3CAC41-EAB3-45B0-BDBC-85A7F24DDEFE}.Release|x64.ActiveCfg = Release|Any CPU
		{9D3CAC41-EAB3-45B0-BDBC-85A7F24DDEFE}.Release|x64.Build.0 = Release|Any CPU
		{9D3CAC41-EAB3-45B0-BDBC-85A7F24DDEFE}.Release|x86.ActiveCfg = Release|Any CPU
		{9D3CAC41-EAB3-45B0-BDBC-85A7F24DDEFE}.Release|x86.Build.0 = Release|Any CPU
		{6C12254A-94DD-43DD-86D7-DF03DF752E3F}.Debug|Any CPU.ActiveCfg = Debug|Any CPU
		{6C12254A-94DD-43DD-86D7-DF03DF752E3F}.Debug|Any CPU.Build.0 = Debug|Any CPU
		{6C12254A-94DD-43DD-86D7-DF03DF752E3F}.Debug|x64.ActiveCfg = Debug|Any CPU
		{6C12254A-94DD-43DD-86D7-DF03DF752E3F}.Debug|x64.Build.0 = Debug|Any CPU
		{6C12254A-94DD-43DD-86D7-DF03DF752E3F}.Debug|x86.ActiveCfg = Debug|Any CPU
		{6C12254A-94DD-43DD-86D7-DF03DF752E3F}.Debug|x86.Build.0 = Debug|Any CPU
		{6C12254A-94DD-43DD-86D7-DF03DF752E3F}.Release|Any CPU.ActiveCfg = Release|Any CPU
		{6C12254A-94DD-43DD-86D7-DF03DF752E3F}.Release|Any CPU.Build.0 = Release|Any CPU
		{6C12254A-94DD-43DD-86D7-DF03DF752E3F}.Release|x64.ActiveCfg = Release|Any CPU
		{6C12254A-94DD-43DD-86D7-DF03DF752E3F}.Release|x64.Build.0 = Release|Any CPU
		{6C12254A-94DD-43DD-86D7-DF03DF752E3F}.Release|x86.ActiveCfg = Release|Any CPU
		{6C12254A-94DD-43DD-86D7-DF03DF752E3F}.Release|x86.Build.0 = Release|Any CPU
		{16FC6016-B35F-449A-9D15-20F2997A8527}.Debug|Any CPU.ActiveCfg = Debug|Any CPU
		{16FC6016-B35F-449A-9D15-20F2997A8527}.Debug|Any CPU.Build.0 = Debug|Any CPU
		{16FC6016-B35F-449A-9D15-20F2997A8527}.Debug|x64.ActiveCfg = Debug|Any CPU
		{16FC6016-B35F-449A-9D15-20F2997A8527}.Debug|x64.Build.0 = Debug|Any CPU
		{16FC6016-B35F-449A-9D15-20F2997A8527}.Debug|x86.ActiveCfg = Debug|Any CPU
		{16FC6016-B35F-449A-9D15-20F2997A8527}.Debug|x86.Build.0 = Debug|Any CPU
		{16FC6016-B35F-449A-9D15-20F2997A8527}.Release|Any CPU.ActiveCfg = Release|Any CPU
		{16FC6016-B35F-449A-9D15-20F2997A8527}.Release|Any CPU.Build.0 = Release|Any CPU
		{16FC6016-B35F-449A-9D15-20F2997A8527}.Release|x64.ActiveCfg = Release|Any CPU
		{16FC6016-B35F-449A-9D15-20F2997A8527}.Release|x64.Build.0 = Release|Any CPU
		{16FC6016-B35F-449A-9D15-20F2997A8527}.Release|x86.ActiveCfg = Release|Any CPU
		{16FC6016-B35F-449A-9D15-20F2997A8527}.Release|x86.Build.0 = Release|Any CPU
		{521100EE-055A-4351-A24B-F89CACDE6CA2}.Debug|Any CPU.ActiveCfg = Debug|Any CPU
		{521100EE-055A-4351-A24B-F89CACDE6CA2}.Debug|Any CPU.Build.0 = Debug|Any CPU
		{521100EE-055A-4351-A24B-F89CACDE6CA2}.Debug|x64.ActiveCfg = Debug|Any CPU
		{521100EE-055A-4351-A24B-F89CACDE6CA2}.Debug|x64.Build.0 = Debug|Any CPU
		{521100EE-055A-4351-A24B-F89CACDE6CA2}.Debug|x86.ActiveCfg = Debug|Any CPU
		{521100EE-055A-4351-A24B-F89CACDE6CA2}.Debug|x86.Build.0 = Debug|Any CPU
		{521100EE-055A-4351-A24B-F89CACDE6CA2}.Release|Any CPU.ActiveCfg = Release|Any CPU
		{521100EE-055A-4351-A24B-F89CACDE6CA2}.Release|Any CPU.Build.0 = Release|Any CPU
		{521100EE-055A-4351-A24B-F89CACDE6CA2}.Release|x64.ActiveCfg = Release|Any CPU
		{521100EE-055A-4351-A24B-F89CACDE6CA2}.Release|x64.Build.0 = Release|Any CPU
		{521100EE-055A-4351-A24B-F89CACDE6CA2}.Release|x86.ActiveCfg = Release|Any CPU
		{521100EE-055A-4351-A24B-F89CACDE6CA2}.Release|x86.Build.0 = Release|Any CPU
		{4C1A3FEE-AD49-4C83-9905-5F027B53CA8E}.Debug|Any CPU.ActiveCfg = Debug|Any CPU
		{4C1A3FEE-AD49-4C83-9905-5F027B53CA8E}.Debug|Any CPU.Build.0 = Debug|Any CPU
		{4C1A3FEE-AD49-4C83-9905-5F027B53CA8E}.Debug|x64.ActiveCfg = Debug|Any CPU
		{4C1A3FEE-AD49-4C83-9905-5F027B53CA8E}.Debug|x64.Build.0 = Debug|Any CPU
		{4C1A3FEE-AD49-4C83-9905-5F027B53CA8E}.Debug|x86.ActiveCfg = Debug|Any CPU
		{4C1A3FEE-AD49-4C83-9905-5F027B53CA8E}.Debug|x86.Build.0 = Debug|Any CPU
		{4C1A3FEE-AD49-4C83-9905-5F027B53CA8E}.Release|Any CPU.ActiveCfg = Release|Any CPU
		{4C1A3FEE-AD49-4C83-9905-5F027B53CA8E}.Release|Any CPU.Build.0 = Release|Any CPU
		{4C1A3FEE-AD49-4C83-9905-5F027B53CA8E}.Release|x64.ActiveCfg = Release|Any CPU
		{4C1A3FEE-AD49-4C83-9905-5F027B53CA8E}.Release|x64.Build.0 = Release|Any CPU
		{4C1A3FEE-AD49-4C83-9905-5F027B53CA8E}.Release|x86.ActiveCfg = Release|Any CPU
		{4C1A3FEE-AD49-4C83-9905-5F027B53CA8E}.Release|x86.Build.0 = Release|Any CPU
		{1B2E64DC-AFAA-4F4C-B9D0-9AD4A11E077D}.Debug|Any CPU.ActiveCfg = Debug|Any CPU
		{1B2E64DC-AFAA-4F4C-B9D0-9AD4A11E077D}.Debug|Any CPU.Build.0 = Debug|Any CPU
		{1B2E64DC-AFAA-4F4C-B9D0-9AD4A11E077D}.Debug|x64.ActiveCfg = Debug|Any CPU
		{1B2E64DC-AFAA-4F4C-B9D0-9AD4A11E077D}.Debug|x64.Build.0 = Debug|Any CPU
		{1B2E64DC-AFAA-4F4C-B9D0-9AD4A11E077D}.Debug|x86.ActiveCfg = Debug|Any CPU
		{1B2E64DC-AFAA-4F4C-B9D0-9AD4A11E077D}.Debug|x86.Build.0 = Debug|Any CPU
		{1B2E64DC-AFAA-4F4C-B9D0-9AD4A11E077D}.Release|Any CPU.ActiveCfg = Release|Any CPU
		{1B2E64DC-AFAA-4F4C-B9D0-9AD4A11E077D}.Release|Any CPU.Build.0 = Release|Any CPU
		{1B2E64DC-AFAA-4F4C-B9D0-9AD4A11E077D}.Release|x64.ActiveCfg = Release|Any CPU
		{1B2E64DC-AFAA-4F4C-B9D0-9AD4A11E077D}.Release|x64.Build.0 = Release|Any CPU
		{1B2E64DC-AFAA-4F4C-B9D0-9AD4A11E077D}.Release|x86.ActiveCfg = Release|Any CPU
		{1B2E64DC-AFAA-4F4C-B9D0-9AD4A11E077D}.Release|x86.Build.0 = Release|Any CPU
		{CAF2FD53-51B5-4D55-AD3D-DB7ADBBDE6D2}.Debug|Any CPU.ActiveCfg = Debug|Any CPU
		{CAF2FD53-51B5-4D55-AD3D-DB7ADBBDE6D2}.Debug|Any CPU.Build.0 = Debug|Any CPU
		{CAF2FD53-51B5-4D55-AD3D-DB7ADBBDE6D2}.Debug|x64.ActiveCfg = Debug|Any CPU
		{CAF2FD53-51B5-4D55-AD3D-DB7ADBBDE6D2}.Debug|x64.Build.0 = Debug|Any CPU
		{CAF2FD53-51B5-4D55-AD3D-DB7ADBBDE6D2}.Debug|x86.ActiveCfg = Debug|Any CPU
		{CAF2FD53-51B5-4D55-AD3D-DB7ADBBDE6D2}.Debug|x86.Build.0 = Debug|Any CPU
		{CAF2FD53-51B5-4D55-AD3D-DB7ADBBDE6D2}.Release|Any CPU.ActiveCfg = Release|Any CPU
		{CAF2FD53-51B5-4D55-AD3D-DB7ADBBDE6D2}.Release|Any CPU.Build.0 = Release|Any CPU
		{CAF2FD53-51B5-4D55-AD3D-DB7ADBBDE6D2}.Release|x64.ActiveCfg = Release|Any CPU
		{CAF2FD53-51B5-4D55-AD3D-DB7ADBBDE6D2}.Release|x64.Build.0 = Release|Any CPU
		{CAF2FD53-51B5-4D55-AD3D-DB7ADBBDE6D2}.Release|x86.ActiveCfg = Release|Any CPU
		{CAF2FD53-51B5-4D55-AD3D-DB7ADBBDE6D2}.Release|x86.Build.0 = Release|Any CPU
		{161E0229-F741-441B-8ED5-AB39246C1760}.Debug|Any CPU.ActiveCfg = Debug|Any CPU
		{161E0229-F741-441B-8ED5-AB39246C1760}.Debug|Any CPU.Build.0 = Debug|Any CPU
		{161E0229-F741-441B-8ED5-AB39246C1760}.Debug|x64.ActiveCfg = Debug|Any CPU
		{161E0229-F741-441B-8ED5-AB39246C1760}.Debug|x64.Build.0 = Debug|Any CPU
		{161E0229-F741-441B-8ED5-AB39246C1760}.Debug|x86.ActiveCfg = Debug|Any CPU
		{161E0229-F741-441B-8ED5-AB39246C1760}.Debug|x86.Build.0 = Debug|Any CPU
		{161E0229-F741-441B-8ED5-AB39246C1760}.Release|Any CPU.ActiveCfg = Release|Any CPU
		{161E0229-F741-441B-8ED5-AB39246C1760}.Release|Any CPU.Build.0 = Release|Any CPU
		{161E0229-F741-441B-8ED5-AB39246C1760}.Release|x64.ActiveCfg = Release|Any CPU
		{161E0229-F741-441B-8ED5-AB39246C1760}.Release|x64.Build.0 = Release|Any CPU
		{161E0229-F741-441B-8ED5-AB39246C1760}.Release|x86.ActiveCfg = Release|Any CPU
		{161E0229-F741-441B-8ED5-AB39246C1760}.Release|x86.Build.0 = Release|Any CPU
		{ABE5ED92-7BD8-4E3E-BCC9-04B927BDAAF6}.Debug|Any CPU.ActiveCfg = Debug|Any CPU
		{ABE5ED92-7BD8-4E3E-BCC9-04B927BDAAF6}.Debug|Any CPU.Build.0 = Debug|Any CPU
		{ABE5ED92-7BD8-4E3E-BCC9-04B927BDAAF6}.Debug|x64.ActiveCfg = Debug|Any CPU
		{ABE5ED92-7BD8-4E3E-BCC9-04B927BDAAF6}.Debug|x64.Build.0 = Debug|Any CPU
		{ABE5ED92-7BD8-4E3E-BCC9-04B927BDAAF6}.Debug|x86.ActiveCfg = Debug|Any CPU
		{ABE5ED92-7BD8-4E3E-BCC9-04B927BDAAF6}.Debug|x86.Build.0 = Debug|Any CPU
		{ABE5ED92-7BD8-4E3E-BCC9-04B927BDAAF6}.Release|Any CPU.ActiveCfg = Release|Any CPU
		{ABE5ED92-7BD8-4E3E-BCC9-04B927BDAAF6}.Release|Any CPU.Build.0 = Release|Any CPU
		{ABE5ED92-7BD8-4E3E-BCC9-04B927BDAAF6}.Release|x64.ActiveCfg = Release|Any CPU
		{ABE5ED92-7BD8-4E3E-BCC9-04B927BDAAF6}.Release|x64.Build.0 = Release|Any CPU
		{ABE5ED92-7BD8-4E3E-BCC9-04B927BDAAF6}.Release|x86.ActiveCfg = Release|Any CPU
		{ABE5ED92-7BD8-4E3E-BCC9-04B927BDAAF6}.Release|x86.Build.0 = Release|Any CPU
		{7AC3CCB4-7CC1-4B8E-B7E4-90020BB6634F}.Debug|Any CPU.ActiveCfg = Debug|Any CPU
		{7AC3CCB4-7CC1-4B8E-B7E4-90020BB6634F}.Debug|Any CPU.Build.0 = Debug|Any CPU
		{7AC3CCB4-7CC1-4B8E-B7E4-90020BB6634F}.Debug|x64.ActiveCfg = Debug|Any CPU
		{7AC3CCB4-7CC1-4B8E-B7E4-90020BB6634F}.Debug|x64.Build.0 = Debug|Any CPU
		{7AC3CCB4-7CC1-4B8E-B7E4-90020BB6634F}.Debug|x86.ActiveCfg = Debug|Any CPU
		{7AC3CCB4-7CC1-4B8E-B7E4-90020BB6634F}.Debug|x86.Build.0 = Debug|Any CPU
		{7AC3CCB4-7CC1-4B8E-B7E4-90020BB6634F}.Release|Any CPU.ActiveCfg = Release|Any CPU
		{7AC3CCB4-7CC1-4B8E-B7E4-90020BB6634F}.Release|Any CPU.Build.0 = Release|Any CPU
		{7AC3CCB4-7CC1-4B8E-B7E4-90020BB6634F}.Release|x64.ActiveCfg = Release|Any CPU
		{7AC3CCB4-7CC1-4B8E-B7E4-90020BB6634F}.Release|x64.Build.0 = Release|Any CPU
		{7AC3CCB4-7CC1-4B8E-B7E4-90020BB6634F}.Release|x86.ActiveCfg = Release|Any CPU
		{7AC3CCB4-7CC1-4B8E-B7E4-90020BB6634F}.Release|x86.Build.0 = Release|Any CPU
		{BF4D1345-7A7A-403A-84D0-3FC859EC2F12}.Debug|Any CPU.ActiveCfg = Debug|Any CPU
		{BF4D1345-7A7A-403A-84D0-3FC859EC2F12}.Debug|Any CPU.Build.0 = Debug|Any CPU
		{BF4D1345-7A7A-403A-84D0-3FC859EC2F12}.Debug|x64.ActiveCfg = Debug|Any CPU
		{BF4D1345-7A7A-403A-84D0-3FC859EC2F12}.Debug|x64.Build.0 = Debug|Any CPU
		{BF4D1345-7A7A-403A-84D0-3FC859EC2F12}.Debug|x86.ActiveCfg = Debug|Any CPU
		{BF4D1345-7A7A-403A-84D0-3FC859EC2F12}.Debug|x86.Build.0 = Debug|Any CPU
		{BF4D1345-7A7A-403A-84D0-3FC859EC2F12}.Release|Any CPU.ActiveCfg = Release|Any CPU
		{BF4D1345-7A7A-403A-84D0-3FC859EC2F12}.Release|Any CPU.Build.0 = Release|Any CPU
		{BF4D1345-7A7A-403A-84D0-3FC859EC2F12}.Release|x64.ActiveCfg = Release|Any CPU
		{BF4D1345-7A7A-403A-84D0-3FC859EC2F12}.Release|x64.Build.0 = Release|Any CPU
		{BF4D1345-7A7A-403A-84D0-3FC859EC2F12}.Release|x86.ActiveCfg = Release|Any CPU
		{BF4D1345-7A7A-403A-84D0-3FC859EC2F12}.Release|x86.Build.0 = Release|Any CPU
		{FDCB8C9D-D450-4397-82C7-553FE5B094CE}.Debug|Any CPU.ActiveCfg = Debug|Any CPU
		{FDCB8C9D-D450-4397-82C7-553FE5B094CE}.Debug|Any CPU.Build.0 = Debug|Any CPU
		{FDCB8C9D-D450-4397-82C7-553FE5B094CE}.Debug|x64.ActiveCfg = Debug|Any CPU
		{FDCB8C9D-D450-4397-82C7-553FE5B094CE}.Debug|x64.Build.0 = Debug|Any CPU
		{FDCB8C9D-D450-4397-82C7-553FE5B094CE}.Debug|x86.ActiveCfg = Debug|Any CPU
		{FDCB8C9D-D450-4397-82C7-553FE5B094CE}.Debug|x86.Build.0 = Debug|Any CPU
		{FDCB8C9D-D450-4397-82C7-553FE5B094CE}.Release|Any CPU.ActiveCfg = Release|Any CPU
		{FDCB8C9D-D450-4397-82C7-553FE5B094CE}.Release|Any CPU.Build.0 = Release|Any CPU
		{FDCB8C9D-D450-4397-82C7-553FE5B094CE}.Release|x64.ActiveCfg = Release|Any CPU
		{FDCB8C9D-D450-4397-82C7-553FE5B094CE}.Release|x64.Build.0 = Release|Any CPU
		{FDCB8C9D-D450-4397-82C7-553FE5B094CE}.Release|x86.ActiveCfg = Release|Any CPU
		{FDCB8C9D-D450-4397-82C7-553FE5B094CE}.Release|x86.Build.0 = Release|Any CPU
		{2DE1B75A-D5E9-4AEA-BEB8-E51699FD443B}.Debug|Any CPU.ActiveCfg = Debug|Any CPU
		{2DE1B75A-D5E9-4AEA-BEB8-E51699FD443B}.Debug|Any CPU.Build.0 = Debug|Any CPU
		{2DE1B75A-D5E9-4AEA-BEB8-E51699FD443B}.Debug|x64.ActiveCfg = Debug|Any CPU
		{2DE1B75A-D5E9-4AEA-BEB8-E51699FD443B}.Debug|x64.Build.0 = Debug|Any CPU
		{2DE1B75A-D5E9-4AEA-BEB8-E51699FD443B}.Debug|x86.ActiveCfg = Debug|Any CPU
		{2DE1B75A-D5E9-4AEA-BEB8-E51699FD443B}.Debug|x86.Build.0 = Debug|Any CPU
		{2DE1B75A-D5E9-4AEA-BEB8-E51699FD443B}.Release|Any CPU.ActiveCfg = Release|Any CPU
		{2DE1B75A-D5E9-4AEA-BEB8-E51699FD443B}.Release|Any CPU.Build.0 = Release|Any CPU
		{2DE1B75A-D5E9-4AEA-BEB8-E51699FD443B}.Release|x64.ActiveCfg = Release|Any CPU
		{2DE1B75A-D5E9-4AEA-BEB8-E51699FD443B}.Release|x64.Build.0 = Release|Any CPU
		{2DE1B75A-D5E9-4AEA-BEB8-E51699FD443B}.Release|x86.ActiveCfg = Release|Any CPU
		{2DE1B75A-D5E9-4AEA-BEB8-E51699FD443B}.Release|x86.Build.0 = Release|Any CPU
		{49B72219-D7F8-40D3-9EC9-DAD78112369B}.Debug|Any CPU.ActiveCfg = Debug|Any CPU
		{49B72219-D7F8-40D3-9EC9-DAD78112369B}.Debug|Any CPU.Build.0 = Debug|Any CPU
		{49B72219-D7F8-40D3-9EC9-DAD78112369B}.Debug|x64.ActiveCfg = Debug|Any CPU
		{49B72219-D7F8-40D3-9EC9-DAD78112369B}.Debug|x64.Build.0 = Debug|Any CPU
		{49B72219-D7F8-40D3-9EC9-DAD78112369B}.Debug|x86.ActiveCfg = Debug|Any CPU
		{49B72219-D7F8-40D3-9EC9-DAD78112369B}.Debug|x86.Build.0 = Debug|Any CPU
		{49B72219-D7F8-40D3-9EC9-DAD78112369B}.Release|Any CPU.ActiveCfg = Release|Any CPU
		{49B72219-D7F8-40D3-9EC9-DAD78112369B}.Release|Any CPU.Build.0 = Release|Any CPU
		{49B72219-D7F8-40D3-9EC9-DAD78112369B}.Release|x64.ActiveCfg = Release|Any CPU
		{49B72219-D7F8-40D3-9EC9-DAD78112369B}.Release|x64.Build.0 = Release|Any CPU
		{49B72219-D7F8-40D3-9EC9-DAD78112369B}.Release|x86.ActiveCfg = Release|Any CPU
		{49B72219-D7F8-40D3-9EC9-DAD78112369B}.Release|x86.Build.0 = Release|Any CPU
		{C254B18A-B80E-4355-8B97-6B8515B94283}.Debug|Any CPU.ActiveCfg = Debug|Any CPU
		{C254B18A-B80E-4355-8B97-6B8515B94283}.Debug|Any CPU.Build.0 = Debug|Any CPU
		{C254B18A-B80E-4355-8B97-6B8515B94283}.Debug|x64.ActiveCfg = Debug|Any CPU
		{C254B18A-B80E-4355-8B97-6B8515B94283}.Debug|x64.Build.0 = Debug|Any CPU
		{C254B18A-B80E-4355-8B97-6B8515B94283}.Debug|x86.ActiveCfg = Debug|Any CPU
		{C254B18A-B80E-4355-8B97-6B8515B94283}.Debug|x86.Build.0 = Debug|Any CPU
		{C254B18A-B80E-4355-8B97-6B8515B94283}.Release|Any CPU.ActiveCfg = Release|Any CPU
		{C254B18A-B80E-4355-8B97-6B8515B94283}.Release|Any CPU.Build.0 = Release|Any CPU
		{C254B18A-B80E-4355-8B97-6B8515B94283}.Release|x64.ActiveCfg = Release|Any CPU
		{C254B18A-B80E-4355-8B97-6B8515B94283}.Release|x64.Build.0 = Release|Any CPU
		{C254B18A-B80E-4355-8B97-6B8515B94283}.Release|x86.ActiveCfg = Release|Any CPU
		{C254B18A-B80E-4355-8B97-6B8515B94283}.Release|x86.Build.0 = Release|Any CPU
	EndGlobalSection
	GlobalSection(SolutionProperties) = preSolution
		HideSolutionNode = FALSE
	EndGlobalSection
	GlobalSection(NestedProjects) = preSolution
		{77B59DD2-CBC5-4ECD-8531-B18626262C52} = {96CE2825-D8B7-4981-AC95-75F67B1B3D6C}
		{B31D21DF-BFB9-46B5-8F56-4D88112A986B} = {96CE2825-D8B7-4981-AC95-75F67B1B3D6C}
		{9D3CAC41-EAB3-45B0-BDBC-85A7F24DDEFE} = {96CE2825-D8B7-4981-AC95-75F67B1B3D6C}
		{1B2E64DC-AFAA-4F4C-B9D0-9AD4A11E077D} = {96CE2825-D8B7-4981-AC95-75F67B1B3D6C}
		{7AC3CCB4-7CC1-4B8E-B7E4-90020BB6634F} = {96CE2825-D8B7-4981-AC95-75F67B1B3D6C}
		{BF4D1345-7A7A-403A-84D0-3FC859EC2F12} = {96CE2825-D8B7-4981-AC95-75F67B1B3D6C}
		{FDCB8C9D-D450-4397-82C7-553FE5B094CE} = {3B1F2173-BF2B-4DCE-BAA8-C674D5B5E740}
		{2DE1B75A-D5E9-4AEA-BEB8-E51699FD443B} = {3B1F2173-BF2B-4DCE-BAA8-C674D5B5E740}
		{49B72219-D7F8-40D3-9EC9-DAD78112369B} = {3B1F2173-BF2B-4DCE-BAA8-C674D5B5E740}
	EndGlobalSection
EndGlobal
